
Microsoft Visual Studio Solution File, Format Version 12.00
# Visual Studio Version 17
VisualStudioVersion = 17.14.36518.9
MinimumVisualStudioVersion = 10.0.40219.1
Project("{FAE04EC0-301F-11D3-BF4B-00C04F79EFBC}") = "MediaPlayerPOC.Common", "MediaPlayerPOC.Common\MediaPlayerPOC.Common.csproj", "{B05429C3-6905-A8DA-01DD-7585988949B6}"
EndProject
Project("{FAE04EC0-301F-11D3-BF4B-00C04F79EFBC}") = "MediaPlayerPOC.DigitalFormat", "MediaPlayerPOC.DigitalFormat\MediaPlayerPOC.DigitalFormat.csproj", "{B11E21B2-F1DF-C46A-441A-EF74F14F79A5}"
EndProject
Project("{FAE04EC0-301F-11D3-BF4B-00C04F79EFBC}") = "MediaPlayerPOC.Presentation", "MediaPlayerPOC.Presentation\MediaPlayerPOC.Presentation.csproj", "{A5E1392A-BDD5-4E15-B481-96AE327481DB}"
EndProject
Global
	GlobalSection(SolutionConfigurationPlatforms) = preSolution
		Debug|Any CPU = Debug|Any CPU
		Release|Any CPU = Release|Any CPU
	EndGlobalSection
	GlobalSection(ProjectConfigurationPlatforms) = postSolution
		{B05429C3-6905-A8DA-01DD-7585988949B6}.Debug|Any CPU.ActiveCfg = Debug|Any CPU
		{B05429C3-6905-A8DA-01DD-7585988949B6}.Debug|Any CPU.Build.0 = Debug|Any CPU
		{B05429C3-6905-A8DA-01DD-7585988949B6}.Release|Any CPU.ActiveCfg = Release|Any CPU
		{B05429C3-6905-A8DA-01DD-7585988949B6}.Release|Any CPU.Build.0 = Release|Any CPU
		{B11E21B2-F1DF-C46A-441A-EF74F14F79A5}.Debug|Any CPU.ActiveCfg = Debug|Any CPU
		{B11E21B2-F1DF-C46A-441A-EF74F14F79A5}.Debug|Any CPU.Build.0 = Debug|Any CPU
		{B11E21B2-F1DF-C46A-441A-EF74F14F79A5}.Release|Any CPU.ActiveCfg = Release|Any CPU
		{B11E21B2-F1DF-C46A-441A-EF74F14F79A5}.Release|Any CPU.Build.0 = Release|Any CPU
		{A5E1392A-BDD5-4E15-B481-96AE327481DB}.Debug|Any CPU.ActiveCfg = Debug|Any CPU
		{A5E1392A-BDD5-4E15-B481-96AE327481DB}.Debug|Any CPU.Build.0 = Debug|Any CPU
		{A5E1392A-BDD5-4E15-B481-96AE327481DB}.Release|Any CPU.ActiveCfg = Release|Any CPU
		{A5E1392A-BDD5-4E15-B481-96AE327481DB}.Release|Any CPU.Build.0 = Release|Any CPU
	EndGlobalSection
	GlobalSection(SolutionProperties) = preSolution
		HideSolutionNode = FALSE
	EndGlobalSection
	GlobalSection(ExtensibilityGlobals) = postSolution
		SolutionGuid = {FF4917A3-1010-44B8-9AED-DB76BD05EF8D}
	EndGlobalSection
EndGlobal
